// !$*UTF8*$!
{
	archiveVersion = 1;
	classes = {
	};
	objectVersion = 46;
	objects = {
/* Begin PBXBuildFile section */
		00E356F31AD99517003FC87E /* wavectTests.m in Sources */ = {isa = PBXBuildFile; fileRef = 00E356F21AD99517003FC87E /* wavectTests.m */; };
		13B07FBC1A68108700A75B9A /* AppDelegate.m in Sources */ = {isa = PBXBuildFile; fileRef = 13B07FB01A68108700A75B9A /* AppDelegate.m */; };
		13B07FBD1A68108700A75B9A /* LaunchScreen.xib in Resources */ = {isa = PBXBuildFile; fileRef = 13B07FB11A68108700A75B9A /* LaunchScreen.xib */; };
		13B07FBF1A68108700A75B9A /* Images.xcassets in Resources */ = {isa = PBXBuildFile; fileRef = 13B07FB51A68108700A75B9A /* Images.xcassets */; };
		13B07FC11A68108700A75B9A /* main.m in Sources */ = {isa = PBXBuildFile; fileRef = 13B07FB71A68108700A75B9A /* main.m */; };
		2D02E4BC1E0B4A80006451C7 /* AppDelegate.m in Sources */ = {isa = PBXBuildFile; fileRef = 13B07FB01A68108700A75B9A /* AppDelegate.m */; };
		2D02E4BD1E0B4A84006451C7 /* Images.xcassets in Resources */ = {isa = PBXBuildFile; fileRef = 13B07FB51A68108700A75B9A /* Images.xcassets */; };
		2D02E4BF1E0B4AB3006451C7 /* main.m in Sources */ = {isa = PBXBuildFile; fileRef = 13B07FB71A68108700A75B9A /* main.m */; };
		2DCD954D1E0B4F2C00145EB5 /* wavectTests.m in Sources */ = {isa = PBXBuildFile; fileRef = 00E356F21AD99517003FC87E /* wavectTests.m */; };
		7FF310D087994E3EBCCCA5DE /* FontAwesome.ttf in Resources */ = {isa = PBXBuildFile; fileRef = 70C4E5014E1745C58D63833B /* FontAwesome.ttf */; };
		DDBA3F130F8D4E3DA19BDBD5 /* AntDesign.ttf in Resources */ = {isa = PBXBuildFile; fileRef = 5459A3FD47F840A6A00CF7E5 /* AntDesign.ttf */; };
		E8C89679D93D4DB880C15DAF /* Entypo.ttf in Resources */ = {isa = PBXBuildFile; fileRef = DCD1FC87C6DC4ABF913B25F1 /* Entypo.ttf */; };
		A2A45B4E5A4045919A806F23 /* EvilIcons.ttf in Resources */ = {isa = PBXBuildFile; fileRef = A6D216FF912C4944B9C0EC31 /* EvilIcons.ttf */; };
		B7FFC2A19FAD4A428A0A2BD5 /* Feather.ttf in Resources */ = {isa = PBXBuildFile; fileRef = 49FD0FB864C94DDE9DE5A68D /* Feather.ttf */; };
		67DCAA932E1B4E689C00F216 /* FontAwesome.ttf in Resources */ = {isa = PBXBuildFile; fileRef = 3690DF9313FC4BA39FE05FD0 /* FontAwesome.ttf */; };
		22C230F8715F4CADBFBD8D04 /* FontAwesome5_Brands.ttf in Resources */ = {isa = PBXBuildFile; fileRef = B1E3D40A0FD649DCB60F6DB5 /* FontAwesome5_Brands.ttf */; };
		E893048D83CD432390902A6E /* FontAwesome5_Regular.ttf in Resources */ = {isa = PBXBuildFile; fileRef = F63AE1DD54BC474493A2556B /* FontAwesome5_Regular.ttf */; };
		9361225D523D4A968D1B9121 /* FontAwesome5_Solid.ttf in Resources */ = {isa = PBXBuildFile; fileRef = D1E12616DB4E455DBE7AF94F /* FontAwesome5_Solid.ttf */; };
		6A06EB832A38495DB81A86FA /* Fontisto.ttf in Resources */ = {isa = PBXBuildFile; fileRef = 331498B3FFA44909BE9DF75A /* Fontisto.ttf */; };
		6B5CFEF8B30540C98C7561FC /* Foundation.ttf in Resources */ = {isa = PBXBuildFile; fileRef = 82709D68BEBE4F45BD56C07F /* Foundation.ttf */; };
		E063F94CC0AF4091B1A14C29 /* Ionicons.ttf in Resources */ = {isa = PBXBuildFile; fileRef = 86B8CF4330FA4080A34E0AF5 /* Ionicons.ttf */; };
		247D635E5638411A9B80ECC6 /* MaterialCommunityIcons.ttf in Resources */ = {isa = PBXBuildFile; fileRef = F79C619CED074BE7A0A1FD42 /* MaterialCommunityIcons.ttf */; };
		C4F16B6C61014B64A8F33926 /* MaterialIcons.ttf in Resources */ = {isa = PBXBuildFile; fileRef = E273D7E690614FE2A9BEBBFA /* MaterialIcons.ttf */; };
		EEDB525B4573470183088F63 /* Octicons.ttf in Resources */ = {isa = PBXBuildFile; fileRef = C4C5956E74074B288FC36907 /* Octicons.ttf */; };
		485292D456BB4B64AF4F1B0B /* SimpleLineIcons.ttf in Resources */ = {isa = PBXBuildFile; fileRef = 06F13D1B5DFB4EAD874E12D7 /* SimpleLineIcons.ttf */; };
		B42D4EDB7BAE480D8EE32303 /* Zocial.ttf in Resources */ = {isa = PBXBuildFile; fileRef = 7EE6BE22E4AB4CFAA258F977 /* Zocial.ttf */; };
		19A16D4DB8164F8594409DBB /* FuturaStd-Bold.otf in Resources */ = {isa = PBXBuildFile; fileRef = FF2A3670527443A8BAD4FA68 /* FuturaStd-Bold.otf */; };
		E51FC36DAC554C35AECAC619 /* FuturaStd-BoldOblique.otf in Resources */ = {isa = PBXBuildFile; fileRef = 8F0336C2359C450FAC30E81D /* FuturaStd-BoldOblique.otf */; };
		1743D1308BA24142AC061D54 /* FuturaStd-Book.otf in Resources */ = {isa = PBXBuildFile; fileRef = F30BC7BE177548B78DF18A9A /* FuturaStd-Book.otf */; };
		580E0370479546ECAC2ABA07 /* FuturaStd-BookOblique.otf in Resources */ = {isa = PBXBuildFile; fileRef = 17AEEA860B8148329B921879 /* FuturaStd-BookOblique.otf */; };
		1EB6F9F5D38B4A0181AC727A /* FuturaStd-Condensed.otf in Resources */ = {isa = PBXBuildFile; fileRef = 525DB12320A3475EB4980BC3 /* FuturaStd-Condensed.otf */; };
		DEB785040A564057B270A442 /* FuturaStd-CondensedBold.otf in Resources */ = {isa = PBXBuildFile; fileRef = 2B6115BFEE404F0E81C8C555 /* FuturaStd-CondensedBold.otf */; };
		042861C4857A47D3B64F926F /* FuturaStd-CondensedBoldObl.otf in Resources */ = {isa = PBXBuildFile; fileRef = 52050D92A4F44089AE140909 /* FuturaStd-CondensedBoldObl.otf */; };
		2DC18CE149DC420A951C8B70 /* FuturaStd-CondensedExtraBd.otf in Resources */ = {isa = PBXBuildFile; fileRef = 9D7A80D7925A4DA8A97192DE /* FuturaStd-CondensedExtraBd.otf */; };
		C0751D03244544C5B48659B4 /* FuturaStd-CondensedLight.otf in Resources */ = {isa = PBXBuildFile; fileRef = A7E0F1B56E8D4E4DB47B0185 /* FuturaStd-CondensedLight.otf */; };
		59C64159CDE14372BEF5C1D7 /* FuturaStd-CondensedLightObl.otf in Resources */ = {isa = PBXBuildFile; fileRef = 461C160027034E11BEA51BD1 /* FuturaStd-CondensedLightObl.otf */; };
		EA50350792F14956992AA418 /* FuturaStd-CondensedOblique.otf in Resources */ = {isa = PBXBuildFile; fileRef = F73E014BCBBE4F5FAE017DB5 /* FuturaStd-CondensedOblique.otf */; };
		8C210749E46A408D98C05532 /* FuturaStd-CondExtraBoldObl.otf in Resources */ = {isa = PBXBuildFile; fileRef = 242A1462CC5141489AC2A9A6 /* FuturaStd-CondExtraBoldObl.otf */; };
		B2B84C6B59714A89AC3574B7 /* FuturaStd-ExtraBold.otf in Resources */ = {isa = PBXBuildFile; fileRef = 5172B2C2E23D415CB34E9E8D /* FuturaStd-ExtraBold.otf */; };
		4C90E9E79077435F9DB0FAC7 /* FuturaStd-ExtraBoldOblique.otf in Resources */ = {isa = PBXBuildFile; fileRef = 60F5DCD7E4C94DE18248C981 /* FuturaStd-ExtraBoldOblique.otf */; };
		DE71921F021A4BC8B591DAB0 /* FuturaStd-Heavy.otf in Resources */ = {isa = PBXBuildFile; fileRef = 53AC587165CD412A8DF1DE2F /* FuturaStd-Heavy.otf */; };
		5280330C2F5B43319DC81B07 /* FuturaStd-HeavyOblique.otf in Resources */ = {isa = PBXBuildFile; fileRef = D5BA74ABB369411E9840FA91 /* FuturaStd-HeavyOblique.otf */; };
		FBC98706AEC74FE38CE5DB0B /* FuturaStd-Light.otf in Resources */ = {isa = PBXBuildFile; fileRef = 31FA64A68AEA4DE295C385BE /* FuturaStd-Light.otf */; };
		849ABDE8B6FC4E47BD39768A /* FuturaStd-LightOblique.otf in Resources */ = {isa = PBXBuildFile; fileRef = 89B11B0A0572491E8999FE27 /* FuturaStd-LightOblique.otf */; };
		62A51F3428504345A386F1C4 /* FuturaStd-Medium.otf in Resources */ = {isa = PBXBuildFile; fileRef = 343837EBDBCE458A82C6291C /* FuturaStd-Medium.otf */; };
		0069404FFCDA4E9FAAD8942C /* FuturaStd-MediumOblique.otf in Resources */ = {isa = PBXBuildFile; fileRef = AEB2CAC9B3E0400D970D316F /* FuturaStd-MediumOblique.otf */; };
/* End PBXBuildFile section */

/* Begin PBXContainerItemProxy section */
		00E356F41AD99517003FC87E /* PBXContainerItemProxy */ = {
			isa = PBXContainerItemProxy;
			containerPortal = 83CBB9F71A601CBA00E9B192 /* Project object */;
			proxyType = 1;
			remoteGlobalIDString = 13B07F861A680F5B00A75B9A;
			remoteInfo = wavect;
		};
		2D02E4911E0B4A5D006451C7 /* PBXContainerItemProxy */ = {
			isa = PBXContainerItemProxy;
			containerPortal = 83CBB9F71A601CBA00E9B192 /* Project object */;
			proxyType = 1;
			remoteGlobalIDString = 2D02E47A1E0B4A5D006451C7;
			remoteInfo = "wavect-tvOS";
		};
/* End PBXContainerItemProxy section */

/* Begin PBXFileReference section */
		008F07F21AC5B25A0029DE68 /* main.jsbundle */ = {isa = PBXFileReference; fileEncoding = 4; lastKnownFileType = text; path = main.jsbundle; sourceTree = "<group>"; };
		00E356EE1AD99517003FC87E /* wavectTests.xctest */ = {isa = PBXFileReference; explicitFileType = wrapper.cfbundle; includeInIndex = 0; path = wavectTests.xctest; sourceTree = BUILT_PRODUCTS_DIR; };
		00E356F11AD99517003FC87E /* Info.plist */ = {isa = PBXFileReference; lastKnownFileType = text.plist.xml; path = Info.plist; sourceTree = "<group>"; };
		00E356F21AD99517003FC87E /* wavectTests.m */ = {isa = PBXFileReference; lastKnownFileType = sourcecode.c.objc; path = wavectTests.m; sourceTree = "<group>"; };
		13B07F961A680F5B00A75B9A /* wavect.app */ = {isa = PBXFileReference; explicitFileType = wrapper.application; includeInIndex = 0; path = wavect.app; sourceTree = BUILT_PRODUCTS_DIR; };
		13B07FAF1A68108700A75B9A /* AppDelegate.h */ = {isa = PBXFileReference; fileEncoding = 4; lastKnownFileType = sourcecode.c.h; name = AppDelegate.h; path = wavect/AppDelegate.h; sourceTree = "<group>"; };
		13B07FB01A68108700A75B9A /* AppDelegate.m */ = {isa = PBXFileReference; fileEncoding = 4; lastKnownFileType = sourcecode.c.objc; name = AppDelegate.m; path = wavect/AppDelegate.m; sourceTree = "<group>"; };
		13B07FB21A68108700A75B9A /* Base */ = {isa = PBXFileReference; lastKnownFileType = file.xib; name = Base; path = Base.lproj/LaunchScreen.xib; sourceTree = "<group>"; };
		13B07FB51A68108700A75B9A /* Images.xcassets */ = {isa = PBXFileReference; lastKnownFileType = folder.assetcatalog; name = Images.xcassets; path = wavect/Images.xcassets; sourceTree = "<group>"; };
		13B07FB61A68108700A75B9A /* Info.plist */ = {isa = PBXFileReference; fileEncoding = 4; lastKnownFileType = text.plist.xml; name = Info.plist; path = wavect/Info.plist; sourceTree = "<group>"; };
		13B07FB71A68108700A75B9A /* main.m */ = {isa = PBXFileReference; fileEncoding = 4; lastKnownFileType = sourcecode.c.objc; name = main.m; path = wavect/main.m; sourceTree = "<group>"; };
		2D02E47B1E0B4A5D006451C7 /* wavect-tvOS.app */ = {isa = PBXFileReference; explicitFileType = wrapper.application; includeInIndex = 0; path = "wavect-tvOS.app"; sourceTree = BUILT_PRODUCTS_DIR; };
		2D02E4901E0B4A5D006451C7 /* wavect-tvOSTests.xctest */ = {isa = PBXFileReference; explicitFileType = wrapper.cfbundle; includeInIndex = 0; path = "wavect-tvOSTests.xctest"; sourceTree = BUILT_PRODUCTS_DIR; };
		ED297162215061F000B7C4FE /* JavaScriptCore.framework */ = {isa = PBXFileReference; lastKnownFileType = wrapper.framework; name = JavaScriptCore.framework; path = System/Library/Frameworks/JavaScriptCore.framework; sourceTree = SDKROOT; };
		ED2971642150620600B7C4FE /* JavaScriptCore.framework */ = {isa = PBXFileReference; lastKnownFileType = wrapper.framework; name = JavaScriptCore.framework; path = Platforms/AppleTVOS.platform/Developer/SDKs/AppleTVOS12.0.sdk/System/Library/Frameworks/JavaScriptCore.framework; sourceTree = DEVELOPER_DIR; };
		70C4E5014E1745C58D63833B /* FontAwesome.ttf */ = {isa = PBXFileReference; name = "FontAwesome.ttf"; path = "../node_modules/react-native-fa-icons/fonts/FontAwesome.ttf"; sourceTree = "<group>"; fileEncoding = undefined; lastKnownFileType = unknown; explicitFileType = undefined; includeInIndex = 0; };
		5459A3FD47F840A6A00CF7E5 /* AntDesign.ttf */ = {isa = PBXFileReference; name = "AntDesign.ttf"; path = "../node_modules/react-native-vector-icons/Fonts/AntDesign.ttf"; sourceTree = "<group>"; fileEncoding = undefined; lastKnownFileType = unknown; explicitFileType = undefined; includeInIndex = 0; };
		DCD1FC87C6DC4ABF913B25F1 /* Entypo.ttf */ = {isa = PBXFileReference; name = "Entypo.ttf"; path = "../node_modules/react-native-vector-icons/Fonts/Entypo.ttf"; sourceTree = "<group>"; fileEncoding = undefined; lastKnownFileType = unknown; explicitFileType = undefined; includeInIndex = 0; };
		A6D216FF912C4944B9C0EC31 /* EvilIcons.ttf */ = {isa = PBXFileReference; name = "EvilIcons.ttf"; path = "../node_modules/react-native-vector-icons/Fonts/EvilIcons.ttf"; sourceTree = "<group>"; fileEncoding = undefined; lastKnownFileType = unknown; explicitFileType = undefined; includeInIndex = 0; };
		49FD0FB864C94DDE9DE5A68D /* Feather.ttf */ = {isa = PBXFileReference; name = "Feather.ttf"; path = "../node_modules/react-native-vector-icons/Fonts/Feather.ttf"; sourceTree = "<group>"; fileEncoding = undefined; lastKnownFileType = unknown; explicitFileType = undefined; includeInIndex = 0; };
		3690DF9313FC4BA39FE05FD0 /* FontAwesome.ttf */ = {isa = PBXFileReference; name = "FontAwesome.ttf"; path = "../node_modules/react-native-vector-icons/Fonts/FontAwesome.ttf"; sourceTree = "<group>"; fileEncoding = undefined; lastKnownFileType = unknown; explicitFileType = undefined; includeInIndex = 0; };
		B1E3D40A0FD649DCB60F6DB5 /* FontAwesome5_Brands.ttf */ = {isa = PBXFileReference; name = "FontAwesome5_Brands.ttf"; path = "../node_modules/react-native-vector-icons/Fonts/FontAwesome5_Brands.ttf"; sourceTree = "<group>"; fileEncoding = undefined; lastKnownFileType = unknown; explicitFileType = undefined; includeInIndex = 0; };
		F63AE1DD54BC474493A2556B /* FontAwesome5_Regular.ttf */ = {isa = PBXFileReference; name = "FontAwesome5_Regular.ttf"; path = "../node_modules/react-native-vector-icons/Fonts/FontAwesome5_Regular.ttf"; sourceTree = "<group>"; fileEncoding = undefined; lastKnownFileType = unknown; explicitFileType = undefined; includeInIndex = 0; };
		D1E12616DB4E455DBE7AF94F /* FontAwesome5_Solid.ttf */ = {isa = PBXFileReference; name = "FontAwesome5_Solid.ttf"; path = "../node_modules/react-native-vector-icons/Fonts/FontAwesome5_Solid.ttf"; sourceTree = "<group>"; fileEncoding = undefined; lastKnownFileType = unknown; explicitFileType = undefined; includeInIndex = 0; };
		331498B3FFA44909BE9DF75A /* Fontisto.ttf */ = {isa = PBXFileReference; name = "Fontisto.ttf"; path = "../node_modules/react-native-vector-icons/Fonts/Fontisto.ttf"; sourceTree = "<group>"; fileEncoding = undefined; lastKnownFileType = unknown; explicitFileType = undefined; includeInIndex = 0; };
		82709D68BEBE4F45BD56C07F /* Foundation.ttf */ = {isa = PBXFileReference; name = "Foundation.ttf"; path = "../node_modules/react-native-vector-icons/Fonts/Foundation.ttf"; sourceTree = "<group>"; fileEncoding = undefined; lastKnownFileType = unknown; explicitFileType = undefined; includeInIndex = 0; };
		86B8CF4330FA4080A34E0AF5 /* Ionicons.ttf */ = {isa = PBXFileReference; name = "Ionicons.ttf"; path = "../node_modules/react-native-vector-icons/Fonts/Ionicons.ttf"; sourceTree = "<group>"; fileEncoding = undefined; lastKnownFileType = unknown; explicitFileType = undefined; includeInIndex = 0; };
		F79C619CED074BE7A0A1FD42 /* MaterialCommunityIcons.ttf */ = {isa = PBXFileReference; name = "MaterialCommunityIcons.ttf"; path = "../node_modules/react-native-vector-icons/Fonts/MaterialCommunityIcons.ttf"; sourceTree = "<group>"; fileEncoding = undefined; lastKnownFileType = unknown; explicitFileType = undefined; includeInIndex = 0; };
		E273D7E690614FE2A9BEBBFA /* MaterialIcons.ttf */ = {isa = PBXFileReference; name = "MaterialIcons.ttf"; path = "../node_modules/react-native-vector-icons/Fonts/MaterialIcons.ttf"; sourceTree = "<group>"; fileEncoding = undefined; lastKnownFileType = unknown; explicitFileType = undefined; includeInIndex = 0; };
		C4C5956E74074B288FC36907 /* Octicons.ttf */ = {isa = PBXFileReference; name = "Octicons.ttf"; path = "../node_modules/react-native-vector-icons/Fonts/Octicons.ttf"; sourceTree = "<group>"; fileEncoding = undefined; lastKnownFileType = unknown; explicitFileType = undefined; includeInIndex = 0; };
		06F13D1B5DFB4EAD874E12D7 /* SimpleLineIcons.ttf */ = {isa = PBXFileReference; name = "SimpleLineIcons.ttf"; path = "../node_modules/react-native-vector-icons/Fonts/SimpleLineIcons.ttf"; sourceTree = "<group>"; fileEncoding = undefined; lastKnownFileType = unknown; explicitFileType = undefined; includeInIndex = 0; };
		7EE6BE22E4AB4CFAA258F977 /* Zocial.ttf */ = {isa = PBXFileReference; name = "Zocial.ttf"; path = "../node_modules/react-native-vector-icons/Fonts/Zocial.ttf"; sourceTree = "<group>"; fileEncoding = undefined; lastKnownFileType = unknown; explicitFileType = undefined; includeInIndex = 0; };
		FF2A3670527443A8BAD4FA68 /* FuturaStd-Bold.otf */ = {isa = PBXFileReference; name = "FuturaStd-Bold.otf"; path = "../src/assets/fonts/FuturaStd-Bold.otf"; sourceTree = "<group>"; fileEncoding = undefined; lastKnownFileType = unknown; explicitFileType = undefined; includeInIndex = 0; };
		8F0336C2359C450FAC30E81D /* FuturaStd-BoldOblique.otf */ = {isa = PBXFileReference; name = "FuturaStd-BoldOblique.otf"; path = "../src/assets/fonts/FuturaStd-BoldOblique.otf"; sourceTree = "<group>"; fileEncoding = undefined; lastKnownFileType = unknown; explicitFileType = undefined; includeInIndex = 0; };
		F30BC7BE177548B78DF18A9A /* FuturaStd-Book.otf */ = {isa = PBXFileReference; name = "FuturaStd-Book.otf"; path = "../src/assets/fonts/FuturaStd-Book.otf"; sourceTree = "<group>"; fileEncoding = undefined; lastKnownFileType = unknown; explicitFileType = undefined; includeInIndex = 0; };
		17AEEA860B8148329B921879 /* FuturaStd-BookOblique.otf */ = {isa = PBXFileReference; name = "FuturaStd-BookOblique.otf"; path = "../src/assets/fonts/FuturaStd-BookOblique.otf"; sourceTree = "<group>"; fileEncoding = undefined; lastKnownFileType = unknown; explicitFileType = undefined; includeInIndex = 0; };
		525DB12320A3475EB4980BC3 /* FuturaStd-Condensed.otf */ = {isa = PBXFileReference; name = "FuturaStd-Condensed.otf"; path = "../src/assets/fonts/FuturaStd-Condensed.otf"; sourceTree = "<group>"; fileEncoding = undefined; lastKnownFileType = unknown; explicitFileType = undefined; includeInIndex = 0; };
		2B6115BFEE404F0E81C8C555 /* FuturaStd-CondensedBold.otf */ = {isa = PBXFileReference; name = "FuturaStd-CondensedBold.otf"; path = "../src/assets/fonts/FuturaStd-CondensedBold.otf"; sourceTree = "<group>"; fileEncoding = undefined; lastKnownFileType = unknown; explicitFileType = undefined; includeInIndex = 0; };
		52050D92A4F44089AE140909 /* FuturaStd-CondensedBoldObl.otf */ = {isa = PBXFileReference; name = "FuturaStd-CondensedBoldObl.otf"; path = "../src/assets/fonts/FuturaStd-CondensedBoldObl.otf"; sourceTree = "<group>"; fileEncoding = undefined; lastKnownFileType = unknown; explicitFileType = undefined; includeInIndex = 0; };
		9D7A80D7925A4DA8A97192DE /* FuturaStd-CondensedExtraBd.otf */ = {isa = PBXFileReference; name = "FuturaStd-CondensedExtraBd.otf"; path = "../src/assets/fonts/FuturaStd-CondensedExtraBd.otf"; sourceTree = "<group>"; fileEncoding = undefined; lastKnownFileType = unknown; explicitFileType = undefined; includeInIndex = 0; };
		A7E0F1B56E8D4E4DB47B0185 /* FuturaStd-CondensedLight.otf */ = {isa = PBXFileReference; name = "FuturaStd-CondensedLight.otf"; path = "../src/assets/fonts/FuturaStd-CondensedLight.otf"; sourceTree = "<group>"; fileEncoding = undefined; lastKnownFileType = unknown; explicitFileType = undefined; includeInIndex = 0; };
		461C160027034E11BEA51BD1 /* FuturaStd-CondensedLightObl.otf */ = {isa = PBXFileReference; name = "FuturaStd-CondensedLightObl.otf"; path = "../src/assets/fonts/FuturaStd-CondensedLightObl.otf"; sourceTree = "<group>"; fileEncoding = undefined; lastKnownFileType = unknown; explicitFileType = undefined; includeInIndex = 0; };
		F73E014BCBBE4F5FAE017DB5 /* FuturaStd-CondensedOblique.otf */ = {isa = PBXFileReference; name = "FuturaStd-CondensedOblique.otf"; path = "../src/assets/fonts/FuturaStd-CondensedOblique.otf"; sourceTree = "<group>"; fileEncoding = undefined; lastKnownFileType = unknown; explicitFileType = undefined; includeInIndex = 0; };
		242A1462CC5141489AC2A9A6 /* FuturaStd-CondExtraBoldObl.otf */ = {isa = PBXFileReference; name = "FuturaStd-CondExtraBoldObl.otf"; path = "../src/assets/fonts/FuturaStd-CondExtraBoldObl.otf"; sourceTree = "<group>"; fileEncoding = undefined; lastKnownFileType = unknown; explicitFileType = undefined; includeInIndex = 0; };
		5172B2C2E23D415CB34E9E8D /* FuturaStd-ExtraBold.otf */ = {isa = PBXFileReference; name = "FuturaStd-ExtraBold.otf"; path = "../src/assets/fonts/FuturaStd-ExtraBold.otf"; sourceTree = "<group>"; fileEncoding = undefined; lastKnownFileType = unknown; explicitFileType = undefined; includeInIndex = 0; };
		60F5DCD7E4C94DE18248C981 /* FuturaStd-ExtraBoldOblique.otf */ = {isa = PBXFileReference; name = "FuturaStd-ExtraBoldOblique.otf"; path = "../src/assets/fonts/FuturaStd-ExtraBoldOblique.otf"; sourceTree = "<group>"; fileEncoding = undefined; lastKnownFileType = unknown; explicitFileType = undefined; includeInIndex = 0; };
		53AC587165CD412A8DF1DE2F /* FuturaStd-Heavy.otf */ = {isa = PBXFileReference; name = "FuturaStd-Heavy.otf"; path = "../src/assets/fonts/FuturaStd-Heavy.otf"; sourceTree = "<group>"; fileEncoding = undefined; lastKnownFileType = unknown; explicitFileType = undefined; includeInIndex = 0; };
		D5BA74ABB369411E9840FA91 /* FuturaStd-HeavyOblique.otf */ = {isa = PBXFileReference; name = "FuturaStd-HeavyOblique.otf"; path = "../src/assets/fonts/FuturaStd-HeavyOblique.otf"; sourceTree = "<group>"; fileEncoding = undefined; lastKnownFileType = unknown; explicitFileType = undefined; includeInIndex = 0; };
		31FA64A68AEA4DE295C385BE /* FuturaStd-Light.otf */ = {isa = PBXFileReference; name = "FuturaStd-Light.otf"; path = "../src/assets/fonts/FuturaStd-Light.otf"; sourceTree = "<group>"; fileEncoding = undefined; lastKnownFileType = unknown; explicitFileType = undefined; includeInIndex = 0; };
		89B11B0A0572491E8999FE27 /* FuturaStd-LightOblique.otf */ = {isa = PBXFileReference; name = "FuturaStd-LightOblique.otf"; path = "../src/assets/fonts/FuturaStd-LightOblique.otf"; sourceTree = "<group>"; fileEncoding = undefined; lastKnownFileType = unknown; explicitFileType = undefined; includeInIndex = 0; };
		343837EBDBCE458A82C6291C /* FuturaStd-Medium.otf */ = {isa = PBXFileReference; name = "FuturaStd-Medium.otf"; path = "../src/assets/fonts/FuturaStd-Medium.otf"; sourceTree = "<group>"; fileEncoding = undefined; lastKnownFileType = unknown; explicitFileType = undefined; includeInIndex = 0; };
		AEB2CAC9B3E0400D970D316F /* FuturaStd-MediumOblique.otf */ = {isa = PBXFileReference; name = "FuturaStd-MediumOblique.otf"; path = "../src/assets/fonts/FuturaStd-MediumOblique.otf"; sourceTree = "<group>"; fileEncoding = undefined; lastKnownFileType = unknown; explicitFileType = undefined; includeInIndex = 0; };
/* End PBXFileReference section */

/* Begin PBXFrameworksBuildPhase section */
		00E356EB1AD99517003FC87E /* Frameworks */ = {
			isa = PBXFrameworksBuildPhase;
			buildActionMask = 2147483647;
			files = (
			);
			runOnlyForDeploymentPostprocessing = 0;
		};
		13B07F8C1A680F5B00A75B9A /* Frameworks */ = {
			isa = PBXFrameworksBuildPhase;
			buildActionMask = 2147483647;
			files = (
			);
			runOnlyForDeploymentPostprocessing = 0;
		};
		2D02E4781E0B4A5D006451C7 /* Frameworks */ = {
			isa = PBXFrameworksBuildPhase;
			buildActionMask = 2147483647;
			files = (
			);
			runOnlyForDeploymentPostprocessing = 0;
		};
		2D02E48D1E0B4A5D006451C7 /* Frameworks */ = {
			isa = PBXFrameworksBuildPhase;
			buildActionMask = 2147483647;
			files = (
			);
			runOnlyForDeploymentPostprocessing = 0;
		};
/* End PBXFrameworksBuildPhase section */

/* Begin PBXGroup section */
		00E356EF1AD99517003FC87E /* wavectTests */ = {
			isa = PBXGroup;
			children = (
				00E356F21AD99517003FC87E /* wavectTests.m */,
				00E356F01AD99517003FC87E /* Supporting Files */,
			);
			path = wavectTests;
			sourceTree = "<group>";
		};
		00E356F01AD99517003FC87E /* Supporting Files */ = {
			isa = PBXGroup;
			children = (
				00E356F11AD99517003FC87E /* Info.plist */,
			);
			name = "Supporting Files";
			sourceTree = "<group>";
		};
		13B07FAE1A68108700A75B9A /* wavect */ = {
			isa = PBXGroup;
			children = (
				008F07F21AC5B25A0029DE68 /* main.jsbundle */,
				13B07FAF1A68108700A75B9A /* AppDelegate.h */,
				13B07FB01A68108700A75B9A /* AppDelegate.m */,
				13B07FB51A68108700A75B9A /* Images.xcassets */,
				13B07FB61A68108700A75B9A /* Info.plist */,
				13B07FB11A68108700A75B9A /* LaunchScreen.xib */,
				13B07FB71A68108700A75B9A /* main.m */,
			);
			name = wavect;
			sourceTree = "<group>";
		};
		2D16E6871FA4F8E400B85C8A /* Frameworks */ = {
			isa = PBXGroup;
			children = (
				ED297162215061F000B7C4FE /* JavaScriptCore.framework */,
				ED2971642150620600B7C4FE /* JavaScriptCore.framework */,
			);
			name = Frameworks;
			sourceTree = "<group>";
		};
		832341AE1AAA6A7D00B99B32 /* Libraries */ = {
			isa = PBXGroup;
			children = (
			);
			name = Libraries;
			sourceTree = "<group>";
		};
		83CBB9F61A601CBA00E9B192 = {
			isa = PBXGroup;
			children = (
				13B07FAE1A68108700A75B9A /* wavect */,
				832341AE1AAA6A7D00B99B32 /* Libraries */,
				00E356EF1AD99517003FC87E /* wavectTests */,
				83CBBA001A601CBA00E9B192 /* Products */,
				2D16E6871FA4F8E400B85C8A /* Frameworks */,
				F1383210C60F4503AF377A2F /* Resources */,
			);
			indentWidth = 2;
			sourceTree = "<group>";
			tabWidth = 2;
			usesTabs = 0;
		};
		83CBBA001A601CBA00E9B192 /* Products */ = {
			isa = PBXGroup;
			children = (
				13B07F961A680F5B00A75B9A /* wavect.app */,
				00E356EE1AD99517003FC87E /* wavectTests.xctest */,
				2D02E47B1E0B4A5D006451C7 /* wavect-tvOS.app */,
				2D02E4901E0B4A5D006451C7 /* wavect-tvOSTests.xctest */,
			);
			name = Products;
			sourceTree = "<group>";
		};
		F1383210C60F4503AF377A2F /* Resources */ = {
			isa = "PBXGroup";
			children = (
				70C4E5014E1745C58D63833B /* FontAwesome.ttf */,
				5459A3FD47F840A6A00CF7E5 /* AntDesign.ttf */,
				DCD1FC87C6DC4ABF913B25F1 /* Entypo.ttf */,
				A6D216FF912C4944B9C0EC31 /* EvilIcons.ttf */,
				49FD0FB864C94DDE9DE5A68D /* Feather.ttf */,
				3690DF9313FC4BA39FE05FD0 /* FontAwesome.ttf */,
				B1E3D40A0FD649DCB60F6DB5 /* FontAwesome5_Brands.ttf */,
				F63AE1DD54BC474493A2556B /* FontAwesome5_Regular.ttf */,
				D1E12616DB4E455DBE7AF94F /* FontAwesome5_Solid.ttf */,
				331498B3FFA44909BE9DF75A /* Fontisto.ttf */,
				82709D68BEBE4F45BD56C07F /* Foundation.ttf */,
				86B8CF4330FA4080A34E0AF5 /* Ionicons.ttf */,
				F79C619CED074BE7A0A1FD42 /* MaterialCommunityIcons.ttf */,
				E273D7E690614FE2A9BEBBFA /* MaterialIcons.ttf */,
				C4C5956E74074B288FC36907 /* Octicons.ttf */,
				06F13D1B5DFB4EAD874E12D7 /* SimpleLineIcons.ttf */,
				7EE6BE22E4AB4CFAA258F977 /* Zocial.ttf */,
				FF2A3670527443A8BAD4FA68 /* FuturaStd-Bold.otf */,
				8F0336C2359C450FAC30E81D /* FuturaStd-BoldOblique.otf */,
				F30BC7BE177548B78DF18A9A /* FuturaStd-Book.otf */,
				17AEEA860B8148329B921879 /* FuturaStd-BookOblique.otf */,
				525DB12320A3475EB4980BC3 /* FuturaStd-Condensed.otf */,
				2B6115BFEE404F0E81C8C555 /* FuturaStd-CondensedBold.otf */,
				52050D92A4F44089AE140909 /* FuturaStd-CondensedBoldObl.otf */,
				9D7A80D7925A4DA8A97192DE /* FuturaStd-CondensedExtraBd.otf */,
				A7E0F1B56E8D4E4DB47B0185 /* FuturaStd-CondensedLight.otf */,
				461C160027034E11BEA51BD1 /* FuturaStd-CondensedLightObl.otf */,
				F73E014BCBBE4F5FAE017DB5 /* FuturaStd-CondensedOblique.otf */,
				242A1462CC5141489AC2A9A6 /* FuturaStd-CondExtraBoldObl.otf */,
				5172B2C2E23D415CB34E9E8D /* FuturaStd-ExtraBold.otf */,
				60F5DCD7E4C94DE18248C981 /* FuturaStd-ExtraBoldOblique.otf */,
				53AC587165CD412A8DF1DE2F /* FuturaStd-Heavy.otf */,
				D5BA74ABB369411E9840FA91 /* FuturaStd-HeavyOblique.otf */,
				31FA64A68AEA4DE295C385BE /* FuturaStd-Light.otf */,
				89B11B0A0572491E8999FE27 /* FuturaStd-LightOblique.otf */,
				343837EBDBCE458A82C6291C /* FuturaStd-Medium.otf */,
				AEB2CAC9B3E0400D970D316F /* FuturaStd-MediumOblique.otf */,
			);
			name = Resources;
			sourceTree = "<group>";
			path = "";
		};
/* End PBXGroup section */

/* Begin PBXNativeTarget section */
		00E356ED1AD99517003FC87E /* wavectTests */ = {
			isa = PBXNativeTarget;
			buildConfigurationList = 00E357021AD99517003FC87E /* Build configuration list for PBXNativeTarget "wavectTests" */;
			buildPhases = (
				00E356EA1AD99517003FC87E /* Sources */,
				00E356EB1AD99517003FC87E /* Frameworks */,
				00E356EC1AD99517003FC87E /* Resources */,
			);
			buildRules = (
			);
			dependencies = (
				00E356F51AD99517003FC87E /* PBXTargetDependency */,
			);
			name = wavectTests;
			productName = wavectTests;
			productReference = 00E356EE1AD99517003FC87E /* wavectTests.xctest */;
			productType = "com.apple.product-type.bundle.unit-test";
		};
		13B07F861A680F5B00A75B9A /* wavect */ = {
			isa = PBXNativeTarget;
			buildConfigurationList = 13B07F931A680F5B00A75B9A /* Build configuration list for PBXNativeTarget "wavect" */;
			buildPhases = (
				FD10A7F022414F080027D42C /* Start Packager */,
				13B07F871A680F5B00A75B9A /* Sources */,
				13B07F8C1A680F5B00A75B9A /* Frameworks */,
				13B07F8E1A680F5B00A75B9A /* Resources */,
				00DD1BFF1BD5951E006B06BC /* Bundle React Native code and images */,
			);
			buildRules = (
			);
			dependencies = (
			);
			name = wavect;
			productName = "wavect";
			productReference = 13B07F961A680F5B00A75B9A /* wavect.app */;
			productType = "com.apple.product-type.application";
		};
		2D02E47A1E0B4A5D006451C7 /* wavect-tvOS */ = {
			isa = PBXNativeTarget;
			buildConfigurationList = 2D02E4BA1E0B4A5E006451C7 /* Build configuration list for PBXNativeTarget "wavect-tvOS" */;
			buildPhases = (
				FD10A7F122414F3F0027D42C /* Start Packager */,
				2D02E4771E0B4A5D006451C7 /* Sources */,
				2D02E4781E0B4A5D006451C7 /* Frameworks */,
				2D02E4791E0B4A5D006451C7 /* Resources */,
				2D02E4CB1E0B4B27006451C7 /* Bundle React Native Code And Images */,
			);
			buildRules = (
			);
			dependencies = (
			);
			name = "wavect-tvOS";
			productName = "wavect-tvOS";
			productReference = 2D02E47B1E0B4A5D006451C7 /* wavect-tvOS.app */;
			productType = "com.apple.product-type.application";
		};
		2D02E48F1E0B4A5D006451C7 /* wavect-tvOSTests */ = {
			isa = PBXNativeTarget;
			buildConfigurationList = 2D02E4BB1E0B4A5E006451C7 /* Build configuration list for PBXNativeTarget "wavect-tvOSTests" */;
			buildPhases = (
				2D02E48C1E0B4A5D006451C7 /* Sources */,
				2D02E48D1E0B4A5D006451C7 /* Frameworks */,
				2D02E48E1E0B4A5D006451C7 /* Resources */,
			);
			buildRules = (
			);
			dependencies = (
				2D02E4921E0B4A5D006451C7 /* PBXTargetDependency */,
			);
			name = "wavect-tvOSTests";
			productName = "wavect-tvOSTests";
			productReference = 2D02E4901E0B4A5D006451C7 /* wavect-tvOSTests.xctest */;
			productType = "com.apple.product-type.bundle.unit-test";
		};
/* End PBXNativeTarget section */

/* Begin PBXProject section */
		83CBB9F71A601CBA00E9B192 /* Project object */ = {
			isa = PBXProject;
			attributes = {
				LastUpgradeCheck = 940;
				ORGANIZATIONNAME = Facebook;
				TargetAttributes = {
					00E356ED1AD99517003FC87E = {
						CreatedOnToolsVersion = 6.2;
						TestTargetID = 13B07F861A680F5B00A75B9A;
					};
					2D02E47A1E0B4A5D006451C7 = {
						CreatedOnToolsVersion = 8.2.1;
						ProvisioningStyle = Automatic;
					};
					2D02E48F1E0B4A5D006451C7 = {
						CreatedOnToolsVersion = 8.2.1;
						ProvisioningStyle = Automatic;
						TestTargetID = 2D02E47A1E0B4A5D006451C7;
					};
				};
			};
			buildConfigurationList = 83CBB9FA1A601CBA00E9B192 /* Build configuration list for PBXProject "wavect" */;
			compatibilityVersion = "Xcode 3.2";
			developmentRegion = English;
			hasScannedForEncodings = 0;
			knownRegions = (
				en,
				Base,
			);
			mainGroup = 83CBB9F61A601CBA00E9B192;
			productRefGroup = 83CBBA001A601CBA00E9B192 /* Products */;
			projectDirPath = "";
			projectRoot = "";
			targets = (
				13B07F861A680F5B00A75B9A /* wavect */,
				00E356ED1AD99517003FC87E /* wavectTests */,
				2D02E47A1E0B4A5D006451C7 /* wavect-tvOS */,
				2D02E48F1E0B4A5D006451C7 /* wavect-tvOSTests */,
			);
		};
/* End PBXProject section */

/* Begin PBXResourcesBuildPhase section */
		00E356EC1AD99517003FC87E /* Resources */ = {
			isa = PBXResourcesBuildPhase;
			buildActionMask = 2147483647;
			files = (
			);
			runOnlyForDeploymentPostprocessing = 0;
		};
		13B07F8E1A680F5B00A75B9A /* Resources */ = {
			isa = PBXResourcesBuildPhase;
			buildActionMask = 2147483647;
			files = (
				13B07FBF1A68108700A75B9A /* Images.xcassets in Resources */,
				13B07FBD1A68108700A75B9A /* LaunchScreen.xib in Resources */,
				7FF310D087994E3EBCCCA5DE /* FontAwesome.ttf in Resources */,
				DDBA3F130F8D4E3DA19BDBD5 /* AntDesign.ttf in Resources */,
				E8C89679D93D4DB880C15DAF /* Entypo.ttf in Resources */,
				A2A45B4E5A4045919A806F23 /* EvilIcons.ttf in Resources */,
				B7FFC2A19FAD4A428A0A2BD5 /* Feather.ttf in Resources */,
				67DCAA932E1B4E689C00F216 /* FontAwesome.ttf in Resources */,
				22C230F8715F4CADBFBD8D04 /* FontAwesome5_Brands.ttf in Resources */,
				E893048D83CD432390902A6E /* FontAwesome5_Regular.ttf in Resources */,
				9361225D523D4A968D1B9121 /* FontAwesome5_Solid.ttf in Resources */,
				6A06EB832A38495DB81A86FA /* Fontisto.ttf in Resources */,
				6B5CFEF8B30540C98C7561FC /* Foundation.ttf in Resources */,
				E063F94CC0AF4091B1A14C29 /* Ionicons.ttf in Resources */,
				247D635E5638411A9B80ECC6 /* MaterialCommunityIcons.ttf in Resources */,
				C4F16B6C61014B64A8F33926 /* MaterialIcons.ttf in Resources */,
				EEDB525B4573470183088F63 /* Octicons.ttf in Resources */,
				485292D456BB4B64AF4F1B0B /* SimpleLineIcons.ttf in Resources */,
				B42D4EDB7BAE480D8EE32303 /* Zocial.ttf in Resources */,
				19A16D4DB8164F8594409DBB /* FuturaStd-Bold.otf in Resources */,
				E51FC36DAC554C35AECAC619 /* FuturaStd-BoldOblique.otf in Resources */,
				1743D1308BA24142AC061D54 /* FuturaStd-Book.otf in Resources */,
				580E0370479546ECAC2ABA07 /* FuturaStd-BookOblique.otf in Resources */,
				1EB6F9F5D38B4A0181AC727A /* FuturaStd-Condensed.otf in Resources */,
				DEB785040A564057B270A442 /* FuturaStd-CondensedBold.otf in Resources */,
				042861C4857A47D3B64F926F /* FuturaStd-CondensedBoldObl.otf in Resources */,
				2DC18CE149DC420A951C8B70 /* FuturaStd-CondensedExtraBd.otf in Resources */,
				C0751D03244544C5B48659B4 /* FuturaStd-CondensedLight.otf in Resources */,
				59C64159CDE14372BEF5C1D7 /* FuturaStd-CondensedLightObl.otf in Resources */,
				EA50350792F14956992AA418 /* FuturaStd-CondensedOblique.otf in Resources */,
				8C210749E46A408D98C05532 /* FuturaStd-CondExtraBoldObl.otf in Resources */,
				B2B84C6B59714A89AC3574B7 /* FuturaStd-ExtraBold.otf in Resources */,
				4C90E9E79077435F9DB0FAC7 /* FuturaStd-ExtraBoldOblique.otf in Resources */,
				DE71921F021A4BC8B591DAB0 /* FuturaStd-Heavy.otf in Resources */,
				5280330C2F5B43319DC81B07 /* FuturaStd-HeavyOblique.otf in Resources */,
				FBC98706AEC74FE38CE5DB0B /* FuturaStd-Light.otf in Resources */,
				849ABDE8B6FC4E47BD39768A /* FuturaStd-LightOblique.otf in Resources */,
				62A51F3428504345A386F1C4 /* FuturaStd-Medium.otf in Resources */,
				0069404FFCDA4E9FAAD8942C /* FuturaStd-MediumOblique.otf in Resources */,
			);
			runOnlyForDeploymentPostprocessing = 0;
		};
		2D02E4791E0B4A5D006451C7 /* Resources */ = {
			isa = PBXResourcesBuildPhase;
			buildActionMask = 2147483647;
			files = (
				2D02E4BD1E0B4A84006451C7 /* Images.xcassets in Resources */,
			);
			runOnlyForDeploymentPostprocessing = 0;
		};
		2D02E48E1E0B4A5D006451C7 /* Resources */ = {
			isa = PBXResourcesBuildPhase;
			buildActionMask = 2147483647;
			files = (
			);
			runOnlyForDeploymentPostprocessing = 0;
		};
/* End PBXResourcesBuildPhase section */

/* Begin PBXShellScriptBuildPhase section */
		00DD1BFF1BD5951E006B06BC /* Bundle React Native code and images */ = {
			isa = PBXShellScriptBuildPhase;
			buildActionMask = 2147483647;
			files = (
			);
			inputPaths = (
			);
			name = "Bundle React Native code and images";
			outputPaths = (
			);
			runOnlyForDeploymentPostprocessing = 0;
			shellPath = /bin/sh;
			shellScript = "export NODE_BINARY=node\n../node_modules/react-native/scripts/react-native-xcode.sh";
		};
		2D02E4CB1E0B4B27006451C7 /* Bundle React Native Code And Images */ = {
			isa = PBXShellScriptBuildPhase;
			buildActionMask = 2147483647;
			files = (
			);
			inputPaths = (
			);
			name = "Bundle React Native Code And Images";
			outputPaths = (
			);
			runOnlyForDeploymentPostprocessing = 0;
			shellPath = /bin/sh;
			shellScript = "export NODE_BINARY=node\n../node_modules/react-native/scripts/react-native-xcode.sh";
		};
		FD10A7F022414F080027D42C /* Start Packager */ = {
			isa = PBXShellScriptBuildPhase;
			buildActionMask = 2147483647;
			files = (
			);
			inputFileListPaths = (
			);
			inputPaths = (
			);
			name = "Start Packager";
			outputFileListPaths = (
			);
			outputPaths = (
			);
			runOnlyForDeploymentPostprocessing = 0;
			shellPath = /bin/sh;
			shellScript = "export RCT_METRO_PORT=\"${RCT_METRO_PORT:=8081}\"\necho \"export RCT_METRO_PORT=${RCT_METRO_PORT}\" > \"${SRCROOT}/../node_modules/react-native/scripts/.packager.env\"\nif [ -z \"${RCT_NO_LAUNCH_PACKAGER+xxx}\" ] ; then\n  if nc -w 5 -z localhost ${RCT_METRO_PORT} ; then\n    if ! curl -s \"http://localhost:${RCT_METRO_PORT}/status\" | grep -q \"packager-status:running\" ; then\n      echo \"Port ${RCT_METRO_PORT} already in use, packager is either not running or not running correctly\"\n      exit 2\n    fi\n  else\n    open \"$SRCROOT/../node_modules/react-native/scripts/launchPackager.command\" || echo \"Can't start packager automatically\"\n  fi\nfi\n";
			showEnvVarsInLog = 0;
		};
		FD10A7F122414F3F0027D42C /* Start Packager */ = {
			isa = PBXShellScriptBuildPhase;
			buildActionMask = 2147483647;
			files = (
			);
			inputFileListPaths = (
			);
			inputPaths = (
			);
			name = "Start Packager";
			outputFileListPaths = (
			);
			outputPaths = (
			);
			runOnlyForDeploymentPostprocessing = 0;
			shellPath = /bin/sh;
			shellScript = "export RCT_METRO_PORT=\"${RCT_METRO_PORT:=8081}\"\necho \"export RCT_METRO_PORT=${RCT_METRO_PORT}\" > \"${SRCROOT}/../node_modules/react-native/scripts/.packager.env\"\nif [ -z \"${RCT_NO_LAUNCH_PACKAGER+xxx}\" ] ; then\n  if nc -w 5 -z localhost ${RCT_METRO_PORT} ; then\n    if ! curl -s \"http://localhost:${RCT_METRO_PORT}/status\" | grep -q \"packager-status:running\" ; then\n      echo \"Port ${RCT_METRO_PORT} already in use, packager is either not running or not running correctly\"\n      exit 2\n    fi\n  else\n    open \"$SRCROOT/../node_modules/react-native/scripts/launchPackager.command\" || echo \"Can't start packager automatically\"\n  fi\nfi\n";
			showEnvVarsInLog = 0;
		};
/* End PBXShellScriptBuildPhase section */

/* Begin PBXSourcesBuildPhase section */
		00E356EA1AD99517003FC87E /* Sources */ = {
			isa = PBXSourcesBuildPhase;
			buildActionMask = 2147483647;
			files = (
				00E356F31AD99517003FC87E /* wavectTests.m in Sources */,
			);
			runOnlyForDeploymentPostprocessing = 0;
		};
		13B07F871A680F5B00A75B9A /* Sources */ = {
			isa = PBXSourcesBuildPhase;
			buildActionMask = 2147483647;
			files = (
				13B07FBC1A68108700A75B9A /* AppDelegate.m in Sources */,
				13B07FC11A68108700A75B9A /* main.m in Sources */,
			);
			runOnlyForDeploymentPostprocessing = 0;
		};
		2D02E4771E0B4A5D006451C7 /* Sources */ = {
			isa = PBXSourcesBuildPhase;
			buildActionMask = 2147483647;
			files = (
				2D02E4BF1E0B4AB3006451C7 /* main.m in Sources */,
				2D02E4BC1E0B4A80006451C7 /* AppDelegate.m in Sources */,
			);
			runOnlyForDeploymentPostprocessing = 0;
		};
		2D02E48C1E0B4A5D006451C7 /* Sources */ = {
			isa = PBXSourcesBuildPhase;
			buildActionMask = 2147483647;
			files = (
				2DCD954D1E0B4F2C00145EB5 /* wavectTests.m in Sources */,
			);
			runOnlyForDeploymentPostprocessing = 0;
		};
/* End PBXSourcesBuildPhase section */

/* Begin PBXTargetDependency section */
		00E356F51AD99517003FC87E /* PBXTargetDependency */ = {
			isa = PBXTargetDependency;
			target = 13B07F861A680F5B00A75B9A /* wavect */;
			targetProxy = 00E356F41AD99517003FC87E /* PBXContainerItemProxy */;
		};
		2D02E4921E0B4A5D006451C7 /* PBXTargetDependency */ = {
			isa = PBXTargetDependency;
			target = 2D02E47A1E0B4A5D006451C7 /* wavect-tvOS */;
			targetProxy = 2D02E4911E0B4A5D006451C7 /* PBXContainerItemProxy */;
		};
/* End PBXTargetDependency section */

/* Begin PBXVariantGroup section */
		13B07FB11A68108700A75B9A /* LaunchScreen.xib */ = {
			isa = PBXVariantGroup;
			children = (
				13B07FB21A68108700A75B9A /* Base */,
			);
			name = LaunchScreen.xib;
			path = wavect;
			sourceTree = "<group>";
		};
/* End PBXVariantGroup section */

/* Begin XCBuildConfiguration section */
		00E356F61AD99517003FC87E /* Debug */ = {
			isa = XCBuildConfiguration;
			buildSettings = {
				BUNDLE_LOADER = "$(TEST_HOST)";
				GCC_PREPROCESSOR_DEFINITIONS = (
					"DEBUG=1",
					"$(inherited)",
				);
				INFOPLIST_FILE = wavectTests/Info.plist;
				IPHONEOS_DEPLOYMENT_TARGET = 9.0;
				LD_RUNPATH_SEARCH_PATHS = "$(inherited) @executable_path/Frameworks @loader_path/Frameworks";
				OTHER_LDFLAGS = (
					"-ObjC",
					"-lc++",
					"$(inherited)",
				);
				PRODUCT_BUNDLE_IDENTIFIER = "org.reactjs.native.example.$(PRODUCT_NAME:rfc1034identifier)";
				PRODUCT_NAME = "$(TARGET_NAME)";
				TEST_HOST = "$(BUILT_PRODUCTS_DIR)/wavect.app/wavect";
			};
			name = Debug;
		};
		00E356F71AD99517003FC87E /* Release */ = {
			isa = XCBuildConfiguration;
			buildSettings = {
				BUNDLE_LOADER = "$(TEST_HOST)";
				COPY_PHASE_STRIP = NO;
				INFOPLIST_FILE = wavectTests/Info.plist;
				IPHONEOS_DEPLOYMENT_TARGET = 9.0;
				LD_RUNPATH_SEARCH_PATHS = "$(inherited) @executable_path/Frameworks @loader_path/Frameworks";
				OTHER_LDFLAGS = (
					"-ObjC",
					"-lc++",
					"$(inherited)",
				);
				PRODUCT_BUNDLE_IDENTIFIER = "org.reactjs.native.example.$(PRODUCT_NAME:rfc1034identifier)";
				PRODUCT_NAME = "$(TARGET_NAME)";
				TEST_HOST = "$(BUILT_PRODUCTS_DIR)/wavect.app/wavect";
			};
			name = Release;
		};
		13B07F941A680F5B00A75B9A /* Debug */ = {
			isa = XCBuildConfiguration;
			buildSettings = {
				ASSETCATALOG_COMPILER_APPICON_NAME = AppIcon;
				CURRENT_PROJECT_VERSION = 6;
				DEAD_CODE_STRIPPING = NO;
				INFOPLIST_FILE = wavect/Info.plist;
				LD_RUNPATH_SEARCH_PATHS = "$(inherited) @executable_path/Frameworks";
				OTHER_LDFLAGS = (
					"$(inherited)",
					"-ObjC",
					"-lc++",
				);
				PRODUCT_BUNDLE_IDENTIFIER = "org.reactjs.native.example.$(PRODUCT_NAME:rfc1034identifier)";
				PRODUCT_NAME = wavect;
				VERSIONING_SYSTEM = "apple-generic";
			};
			name = Debug;
		};
		13B07F951A680F5B00A75B9A /* Release */ = {
			isa = XCBuildConfiguration;
			buildSettings = {
				ASSETCATALOG_COMPILER_APPICON_NAME = AppIcon;
				CURRENT_PROJECT_VERSION = 6;
				INFOPLIST_FILE = wavect/Info.plist;
				LD_RUNPATH_SEARCH_PATHS = "$(inherited) @executable_path/Frameworks";
				OTHER_LDFLAGS = (
					"$(inherited)",
					"-ObjC",
					"-lc++",
				);
				PRODUCT_BUNDLE_IDENTIFIER = "org.reactjs.native.example.$(PRODUCT_NAME:rfc1034identifier)";
				PRODUCT_NAME = wavect;
				VERSIONING_SYSTEM = "apple-generic";
			};
			name = Release;
		};
		2D02E4971E0B4A5E006451C7 /* Debug */ = {
			isa = XCBuildConfiguration;
			buildSettings = {
				ASSETCATALOG_COMPILER_APPICON_NAME = "App Icon & Top Shelf Image";
				ASSETCATALOG_COMPILER_LAUNCHIMAGE_NAME = LaunchImage;
				CLANG_ANALYZER_NONNULL = YES;
				CLANG_WARN_DOCUMENTATION_COMMENTS = YES;
				CLANG_WARN_INFINITE_RECURSION = YES;
				CLANG_WARN_SUSPICIOUS_MOVE = YES;
				DEBUG_INFORMATION_FORMAT = dwarf;
				ENABLE_TESTABILITY = YES;
				GCC_NO_COMMON_BLOCKS = YES;
				INFOPLIST_FILE = "wavect-tvOS/Info.plist";
				LD_RUNPATH_SEARCH_PATHS = "$(inherited) @executable_path/Frameworks";
				OTHER_LDFLAGS = (
					"$(inherited)",
					"-ObjC",
					"-lc++",
				);
				PRODUCT_BUNDLE_IDENTIFIER = "com.facebook.REACT.wavect-tvOS";
				PRODUCT_NAME = "$(TARGET_NAME)";
				SDKROOT = appletvos;
				TARGETED_DEVICE_FAMILY = 3;
				TVOS_DEPLOYMENT_TARGET = 9.2;
			};
			name = Debug;
		};
		2D02E4981E0B4A5E006451C7 /* Release */ = {
			isa = XCBuildConfiguration;
			buildSettings = {
				ASSETCATALOG_COMPILER_APPICON_NAME = "App Icon & Top Shelf Image";
				ASSETCATALOG_COMPILER_LAUNCHIMAGE_NAME = LaunchImage;
				CLANG_ANALYZER_NONNULL = YES;
				CLANG_WARN_DOCUMENTATION_COMMENTS = YES;
				CLANG_WARN_INFINITE_RECURSION = YES;
				CLANG_WARN_SUSPICIOUS_MOVE = YES;
				COPY_PHASE_STRIP = NO;
				DEBUG_INFORMATION_FORMAT = "dwarf-with-dsym";
				GCC_NO_COMMON_BLOCKS = YES;
				INFOPLIST_FILE = "wavect-tvOS/Info.plist";
				LD_RUNPATH_SEARCH_PATHS = "$(inherited) @executable_path/Frameworks";
				OTHER_LDFLAGS = (
					"$(inherited)",
					"-ObjC",
					"-lc++",
				);
				PRODUCT_BUNDLE_IDENTIFIER = "com.facebook.REACT.wavect-tvOS";
				PRODUCT_NAME = "$(TARGET_NAME)";
				SDKROOT = appletvos;
				TARGETED_DEVICE_FAMILY = 3;
				TVOS_DEPLOYMENT_TARGET = 9.2;
			};
			name = Release;
		};
		2D02E4991E0B4A5E006451C7 /* Debug */ = {
			isa = XCBuildConfiguration;
			buildSettings = {
				BUNDLE_LOADER = "$(TEST_HOST)";
				CLANG_ANALYZER_NONNULL = YES;
				CLANG_WARN_DOCUMENTATION_COMMENTS = YES;
				CLANG_WARN_INFINITE_RECURSION = YES;
				CLANG_WARN_SUSPICIOUS_MOVE = YES;
				DEBUG_INFORMATION_FORMAT = dwarf;
				ENABLE_TESTABILITY = YES;
				GCC_NO_COMMON_BLOCKS = YES;
				INFOPLIST_FILE = "wavect-tvOSTests/Info.plist";
				LD_RUNPATH_SEARCH_PATHS = "$(inherited) @executable_path/Frameworks @loader_path/Frameworks";
				OTHER_LDFLAGS = (
					"$(inherited)",
					"-ObjC",
					"-lc++",
				);
				PRODUCT_BUNDLE_IDENTIFIER = "com.facebook.REACT.wavect-tvOSTests";
				PRODUCT_NAME = "$(TARGET_NAME)";
				SDKROOT = appletvos;
				TEST_HOST = "$(BUILT_PRODUCTS_DIR)/wavect-tvOS.app/wavect-tvOS";
				TVOS_DEPLOYMENT_TARGET = 10.1;
			};
			name = Debug;
		};
		2D02E49A1E0B4A5E006451C7 /* Release */ = {
			isa = XCBuildConfiguration;
			buildSettings = {
				BUNDLE_LOADER = "$(TEST_HOST)";
				CLANG_ANALYZER_NONNULL = YES;
				CLANG_WARN_DOCUMENTATION_COMMENTS = YES;
				CLANG_WARN_INFINITE_RECURSION = YES;
				CLANG_WARN_SUSPICIOUS_MOVE = YES;
				COPY_PHASE_STRIP = NO;
				DEBUG_INFORMATION_FORMAT = "dwarf-with-dsym";
				GCC_NO_COMMON_BLOCKS = YES;
				INFOPLIST_FILE = "wavect-tvOSTests/Info.plist";
				LD_RUNPATH_SEARCH_PATHS = "$(inherited) @executable_path/Frameworks @loader_path/Frameworks";
				OTHER_LDFLAGS = (
					"$(inherited)",
					"-ObjC",
					"-lc++",
				);
				PRODUCT_BUNDLE_IDENTIFIER = "com.facebook.REACT.wavect-tvOSTests";
				PRODUCT_NAME = "$(TARGET_NAME)";
				SDKROOT = appletvos;
				TEST_HOST = "$(BUILT_PRODUCTS_DIR)/wavect-tvOS.app/wavect-tvOS";
				TVOS_DEPLOYMENT_TARGET = 10.1;
			};
			name = Release;
		};
		83CBBA201A601CBA00E9B192 /* Debug */ = {
			isa = XCBuildConfiguration;
			buildSettings = {
				ALWAYS_SEARCH_USER_PATHS = NO;
				CLANG_CXX_LANGUAGE_STANDARD = "gnu++0x";
				CLANG_CXX_LIBRARY = "libc++";
				CLANG_ENABLE_MODULES = YES;
				CLANG_ENABLE_OBJC_ARC = YES;
				CLANG_WARN_BLOCK_CAPTURE_AUTORELEASING = YES;
				CLANG_WARN_BOOL_CONVERSION = YES;
				CLANG_WARN_COMMA = YES;
				CLANG_WARN_CONSTANT_CONVERSION = YES;
				CLANG_WARN_DEPRECATED_OBJC_IMPLEMENTATIONS = YES;
				CLANG_WARN_DIRECT_OBJC_ISA_USAGE = YES_ERROR;
				CLANG_WARN_EMPTY_BODY = YES;
				CLANG_WARN_ENUM_CONVERSION = YES;
				CLANG_WARN_INFINITE_RECURSION = YES;
				CLANG_WARN_INT_CONVERSION = YES;
				CLANG_WARN_NON_LITERAL_NULL_CONVERSION = YES;
				CLANG_WARN_OBJC_IMPLICIT_RETAIN_SELF = YES;
				CLANG_WARN_OBJC_LITERAL_CONVERSION = YES;
				CLANG_WARN_OBJC_ROOT_CLASS = YES_ERROR;
				CLANG_WARN_RANGE_LOOP_ANALYSIS = YES;
				CLANG_WARN_STRICT_PROTOTYPES = YES;
				CLANG_WARN_SUSPICIOUS_MOVE = YES;
				CLANG_WARN_UNREACHABLE_CODE = YES;
				CLANG_WARN__DUPLICATE_METHOD_MATCH = YES;
				"CODE_SIGN_IDENTITY[sdk=iphoneos*]" = "iPhone Developer";
				COPY_PHASE_STRIP = NO;
				ENABLE_STRICT_OBJC_MSGSEND = YES;
				ENABLE_TESTABILITY = YES;
				GCC_C_LANGUAGE_STANDARD = gnu99;
				GCC_DYNAMIC_NO_PIC = NO;
				GCC_NO_COMMON_BLOCKS = YES;
				GCC_OPTIMIZATION_LEVEL = 0;
				GCC_PREPROCESSOR_DEFINITIONS = (
					"DEBUG=1",
					"$(inherited)",
				);
				GCC_SYMBOLS_PRIVATE_EXTERN = NO;
				GCC_WARN_64_TO_32_BIT_CONVERSION = YES;
				GCC_WARN_ABOUT_RETURN_TYPE = YES_ERROR;
				GCC_WARN_UNDECLARED_SELECTOR = YES;
				GCC_WARN_UNINITIALIZED_AUTOS = YES_AGGRESSIVE;
				GCC_WARN_UNUSED_FUNCTION = YES;
				GCC_WARN_UNUSED_VARIABLE = YES;
				IPHONEOS_DEPLOYMENT_TARGET = 9.0;
				MTL_ENABLE_DEBUG_INFO = YES;
				ONLY_ACTIVE_ARCH = YES;
				SDKROOT = iphoneos;
			};
			name = Debug;
		};
		83CBBA211A601CBA00E9B192 /* Release */ = {
			isa = XCBuildConfiguration;
			buildSettings = {
				ALWAYS_SEARCH_USER_PATHS = NO;
				CLANG_CXX_LANGUAGE_STANDARD = "gnu++0x";
				CLANG_CXX_LIBRARY = "libc++";
				CLANG_ENABLE_MODULES = YES;
				CLANG_ENABLE_OBJC_ARC = YES;
				CLANG_WARN_BLOCK_CAPTURE_AUTORELEASING = YES;
				CLANG_WARN_BOOL_CONVERSION = YES;
				CLANG_WARN_COMMA = YES;
				CLANG_WARN_CONSTANT_CONVERSION = YES;
				CLANG_WARN_DEPRECATED_OBJC_IMPLEMENTATIONS = YES;
				CLANG_WARN_DIRECT_OBJC_ISA_USAGE = YES_ERROR;
				CLANG_WARN_EMPTY_BODY = YES;
				CLANG_WARN_ENUM_CONVERSION = YES;
				CLANG_WARN_INFINITE_RECURSION = YES;
				CLANG_WARN_INT_CONVERSION = YES;
				CLANG_WARN_NON_LITERAL_NULL_CONVERSION = YES;
				CLANG_WARN_OBJC_IMPLICIT_RETAIN_SELF = YES;
				CLANG_WARN_OBJC_LITERAL_CONVERSION = YES;
				CLANG_WARN_OBJC_ROOT_CLASS = YES_ERROR;
				CLANG_WARN_RANGE_LOOP_ANALYSIS = YES;
				CLANG_WARN_STRICT_PROTOTYPES = YES;
				CLANG_WARN_SUSPICIOUS_MOVE = YES;
				CLANG_WARN_UNREACHABLE_CODE = YES;
				CLANG_WARN__DUPLICATE_METHOD_MATCH = YES;
				"CODE_SIGN_IDENTITY[sdk=iphoneos*]" = "iPhone Developer";
				COPY_PHASE_STRIP = YES;
				ENABLE_NS_ASSERTIONS = NO;
				ENABLE_STRICT_OBJC_MSGSEND = YES;
				GCC_C_LANGUAGE_STANDARD = gnu99;
				GCC_NO_COMMON_BLOCKS = YES;
				GCC_WARN_64_TO_32_BIT_CONVERSION = YES;
				GCC_WARN_ABOUT_RETURN_TYPE = YES_ERROR;
				GCC_WARN_UNDECLARED_SELECTOR = YES;
				GCC_WARN_UNINITIALIZED_AUTOS = YES_AGGRESSIVE;
				GCC_WARN_UNUSED_FUNCTION = YES;
				GCC_WARN_UNUSED_VARIABLE = YES;
				IPHONEOS_DEPLOYMENT_TARGET = 9.0;
				MTL_ENABLE_DEBUG_INFO = NO;
				SDKROOT = iphoneos;
				VALIDATE_PRODUCT = YES;
			};
			name = Release;
		};
/* End XCBuildConfiguration section */

/* Begin XCConfigurationList section */
		00E357021AD99517003FC87E /* Build configuration list for PBXNativeTarget "wavectTests" */ = {
			isa = XCConfigurationList;
			buildConfigurations = (
				00E356F61AD99517003FC87E /* Debug */,
				00E356F71AD99517003FC87E /* Release */,
			);
			defaultConfigurationIsVisible = 0;
			defaultConfigurationName = Release;
		};
		13B07F931A680F5B00A75B9A /* Build configuration list for PBXNativeTarget "wavect" */ = {
			isa = XCConfigurationList;
			buildConfigurations = (
				13B07F941A680F5B00A75B9A /* Debug */,
				13B07F951A680F5B00A75B9A /* Release */,
			);
			defaultConfigurationIsVisible = 0;
			defaultConfigurationName = Release;
		};
		2D02E4BA1E0B4A5E006451C7 /* Build configuration list for PBXNativeTarget "wavect-tvOS" */ = {
			isa = XCConfigurationList;
			buildConfigurations = (
				2D02E4971E0B4A5E006451C7 /* Debug */,
				2D02E4981E0B4A5E006451C7 /* Release */,
			);
			defaultConfigurationIsVisible = 0;
			defaultConfigurationName = Release;
		};
		2D02E4BB1E0B4A5E006451C7 /* Build configuration list for PBXNativeTarget "wavect-tvOSTests" */ = {
			isa = XCConfigurationList;
			buildConfigurations = (
				2D02E4991E0B4A5E006451C7 /* Debug */,
				2D02E49A1E0B4A5E006451C7 /* Release */,
			);
			defaultConfigurationIsVisible = 0;
			defaultConfigurationName = Release;
		};
		83CBB9FA1A601CBA00E9B192 /* Build configuration list for PBXProject "wavect" */ = {
			isa = XCConfigurationList;
			buildConfigurations = (
				83CBBA201A601CBA00E9B192 /* Debug */,
				83CBBA211A601CBA00E9B192 /* Release */,
			);
			defaultConfigurationIsVisible = 0;
			defaultConfigurationName = Release;
		};
/* End XCConfigurationList section */
	};
	rootObject = 83CBB9F71A601CBA00E9B192 /* Project object */;
}
